
Microsoft Visual Studio Solution File, Format Version 12.00
# Visual Studio Version 17
VisualStudioVersion = 17.13.35828.75 d17.13
MinimumVisualStudioVersion = 10.0.40219.1
Project("{FAE04EC0-301F-11D3-BF4B-00C04F79EFBC}") = "GUI", "GUI\GUI.csproj", "{6175A663-FC49-4958-8F3A-FE4BF44C40C0}"
EndProject
Global
	GlobalSection(SolutionConfigurationPlatforms) = preSolution
		Debug|Any CPU = Debug|Any CPU
		Release|Any CPU = Release|Any CPU
	EndGlobalSection
	GlobalSection(ProjectConfigurationPlatforms) = postSolution
		{6175A663-FC49-4958-8F3A-FE4BF44C40C0}.Debug|Any CPU.ActiveCfg = Debug|Any CPU
		{6175A663-FC49-4958-8F3A-FE4BF44C40C0}.Debug|Any CPU.Build.0 = Debug|Any CPU
		{6175A663-FC49-4958-8F3A-FE4BF44C40C0}.Release|Any CPU.ActiveCfg = Release|Any CPU
		{6175A663-FC49-4958-8F3A-FE4BF44C40C0}.Release|Any CPU.Build.0 = Release|Any CPU
	EndGlobalSection
	GlobalSection(SolutionProperties) = preSolution
		HideSolutionNode = FALSE
	EndGlobalSection
	GlobalSection(ExtensibilityGlobals) = postSolution
		SolutionGuid = {C270369F-776E-4E6A-9F9D-AABFB43DC0EE}
	EndGlobalSection
EndGlobal
